
Microsoft Visual Studio Solution File, Format Version 12.00
# Visual Studio Version 17
VisualStudioVersion = 17.9.34622.214
MinimumVisualStudioVersion = 10.0.40219.1
Project("{FAE04EC0-301F-11D3-BF4B-00C04F79EFBC}") = "MonsterHunter", "MonsterHunter.csproj", "{EB351E8A-2222-456D-B81D-6A4D71727216}"
EndProject
Global
	GlobalSection(SolutionConfigurationPlatforms) = preSolution
		Debug|Any CPU = Debug|Any CPU
		Release|Any CPU = Release|Any CPU
	EndGlobalSection
	GlobalSection(ProjectConfigurationPlatforms) = postSolution
		{EB351E8A-2222-456D-B81D-6A4D71727216}.Debug|Any CPU.ActiveCfg = Debug|Any CPU
		{EB351E8A-2222-456D-B81D-6A4D71727216}.Debug|Any CPU.Build.0 = Debug|Any CPU
		{EB351E8A-2222-456D-B81D-6A4D71727216}.Release|Any CPU.ActiveCfg = Release|Any CPU
		{EB351E8A-2222-456D-B81D-6A4D71727216}.Release|Any CPU.Build.0 = Release|Any CPU
	EndGlobalSection
	GlobalSection(SolutionProperties) = preSolution
		HideSolutionNode = FALSE
	EndGlobalSection
	GlobalSection(ExtensibilityGlobals) = postSolution
		SolutionGuid = {040DA739-FF6B-4BF2-A4E2-9B05ADB0E64F}
	EndGlobalSection
EndGlobal
